
Microsoft Visual Studio Solution File, Format Version 12.00
# Visual Studio Version 17
VisualStudioVersion = 17.3.32901.215
MinimumVisualStudioVersion = 10.0.40219.1
Project("{FAE04EC0-301F-11D3-BF4B-00C04F79EFBC}") = "Activity8", "Activity8\Activity8.csproj", "{8A171156-8234-4E64-BD13-F97E78BDE205}"
EndProject
Global
	GlobalSection(SolutionConfigurationPlatforms) = preSolution
		Debug|Any CPU = Debug|Any CPU
		Release|Any CPU = Release|Any CPU
	EndGlobalSection
	GlobalSection(ProjectConfigurationPlatforms) = postSolution
		{8A171156-8234-4E64-BD13-F97E78BDE205}.Debug|Any CPU.ActiveCfg = Debug|Any CPU
		{8A171156-8234-4E64-BD13-F97E78BDE205}.Debug|Any CPU.Build.0 = Debug|Any CPU
		{8A171156-8234-4E64-BD13-F97E78BDE205}.Release|Any CPU.ActiveCfg = Release|Any CPU
		{8A171156-8234-4E64-BD13-F97E78BDE205}.Release|Any CPU.Build.0 = Release|Any CPU
	EndGlobalSection
	GlobalSection(SolutionProperties) = preSolution
		HideSolutionNode = FALSE
	EndGlobalSection
	GlobalSection(ExtensibilityGlobals) = postSolution
		SolutionGuid = {C6ADFEEC-CD6E-4D95-AD74-F2E7A030024B}
	EndGlobalSection
EndGlobal
